# THIS IS AN AUTOGENERATED FILE. DO NOT EDIT THIS FILE DIRECTLY.
# yarn lockfile v1


"@tsconfig/node12@^1.0.7":
  version "1.0.7"
  resolved "https://registry.yarnpkg.com/@tsconfig/node12/-/node12-1.0.7.tgz#677bd9117e8164dc319987dd6ff5fc1ba6fbf18b"
  integrity sha512-dgasobK/Y0wVMswcipr3k0HpevxFJLijN03A8mYfEPvWvOs14v0ZlYTR4kIgMx8g4+fTyTFv8/jLCIfRqLDJ4A==

"@types/faker@^5.1.2":
  version "5.1.2"
  resolved "https://registry.yarnpkg.com/@types/faker/-/faker-5.1.2.tgz#3d5a97d5648502d7fb1eeb2809ca105edcd0d59b"
  integrity sha512-a3FADSHjjinczCwr7tTejoMZzbSS5vi70VCyns4C1idxJrDSRGZCQG0s27YppXLcoWrBOkwBbBsZ9vDRDpQK7A==

"@types/node@^14.11.2":
  version "14.11.2"
  resolved "https://registry.yarnpkg.com/@types/node/-/node-14.11.2.tgz#2de1ed6670439387da1c9f549a2ade2b0a799256"
  integrity sha512-jiE3QIxJ8JLNcb1Ps6rDbysDhN4xa8DJJvuC9prr6w+1tIh+QAbYyNF3tyiZNLDBIuBCf4KEcV2UvQm/V60xfA==

faker@^5.1.0:
  version "5.1.0"
  resolved "https://registry.yarnpkg.com/faker/-/faker-5.1.0.tgz#e10fa1dec4502551aee0eb771617a7e7b94692e8"
  integrity sha512-RrWKFSSA/aNLP0g3o2WW1Zez7/MnMr7xkiZmoCfAGZmdkDQZ6l2KtuXHN5XjdvpRjDl8+3vf+Rrtl06Z352+Mw==

ngraph.events@^1.2.1:
  version "1.2.1"
  resolved "https://registry.yarnpkg.com/ngraph.events/-/ngraph.events-1.2.1.tgz#6e40425ef9dec1e074bbef6da56c8d79b9188fd8"
  integrity sha512-D4C+nXH/RFxioGXQdHu8ELDtC6EaCiNsZtih0IvyGN81OZSUby4jXoJ5+RNWasfsd0FnKxxpAROyUMzw64QNsw==

ngraph.generators@^19.3.0:
  version "19.3.0"
  resolved "https://registry.yarnpkg.com/ngraph.generators/-/ngraph.generators-19.3.0.tgz#df9a3a25d1b5f2ae05565465eec08a493a9f91c2"
  integrity sha512-bt5WXZQ5N8MvTEKzAp3YmDWcqV5jdWoSAd5Gp+DT5rdiLym9zZP5cVfcVyEGM3KCMAJMtkaEQOskJMekgPQMWw==
  dependencies:
    ngraph.graph "^19.1.0"
    ngraph.random "^1.0.0"

ngraph.graph@^19.1.0:
  version "19.1.0"
  resolved "https://registry.yarnpkg.com/ngraph.graph/-/ngraph.graph-19.1.0.tgz#88910ed53f6b4bc374f1b67296f4f81aab814e24"
  integrity sha512-9cws84qfPkrYa7BaBtT+KgZfLXrd6pNL9Gl5Do+MBO/0Hm6rOM7qK78MZaO1uEoIK6p2pgUs6lu29zn/6tP59w==
  dependencies:
    ngraph.events "^1.2.1"

ngraph.random@^1.0.0:
  version "1.1.0"
  resolved "https://registry.yarnpkg.com/ngraph.random/-/ngraph.random-1.1.0.tgz#5345c4bb63865c85d98ee6f13eab1395d8545a90"
  integrity sha512-h25UdUN/g8U7y29TzQtRm/GvGr70lK37yQPvPKXXuVfs7gCm82WipYFZcksQfeKumtOemAzBIcT7lzzyK/edLw==

parse-package-name@^0.1.0:
  version "0.1.0"
  resolved "https://registry.yarnpkg.com/parse-package-name/-/parse-package-name-0.1.0.tgz#3f44dd838feb4c2be4bf318bae4477d7706bade4"
  integrity sha1-P0Tdg4/rTCvkvzGLrkR313BrreQ=

typescript@^4.0.3:
  version "4.0.3"
  resolved "https://registry.yarnpkg.com/typescript/-/typescript-4.0.3.tgz#153bbd468ef07725c1df9c77e8b453f8d36abba5"
  integrity sha512-tEu6DGxGgRJPb/mVPIZ48e69xCn2yRmCgYmDugAVwmJ6o+0u1RI18eO7E7WBTLYLaEVVOhwQmcdhQHweux/WPg==
